{
    "_meta": {
        "hash": {
            "sha256": "7e09336d1ef960ed9d873d08ac2ac96f5d18a3fa017982783eacc9f9c5c01d55"
        },
        "pipfile-spec": 6,
        "requires": {
            "python_version": "3.6"
        },
        "sources": [
            {
                "name": "pypi",
                "url": "https://pypi.org/simple",
                "verify_ssl": true
            }
        ]
    },
    "default": {
        "certifi": {
            "hashes": [
                "sha256:017c25db2a153ce562900032d5bc68e9f191e44e9a0f762f373977de9df1fbb3",
                "sha256:25b64c7da4cd7479594d035c08c2d809eb4aab3a26e5a990ea98cc450c320f1f"
            ],
            "version": "==2019.11.28"
        },
        "chardet": {
            "hashes": [
                "sha256:84ab92ed1c4d4f16916e05906b6b75a6c0fb5db821cc65e70cbd64a3e2a5eaae",
                "sha256:fc323ffcaeaed0e0a02bf4d117757b98aed530d9ed4531e3e15460124c106691"
            ],
            "version": "==3.0.4"
        },
        "dj-database-url": {
            "hashes": [
                "sha256:4aeaeb1f573c74835b0686a2b46b85990571159ffc21aa57ecd4d1e1cb334163",
                "sha256:851785365761ebe4994a921b433062309eb882fedd318e1b0fcecc607ed02da9"
            ],
            "version": "==0.5.0"
        },
        "django": {
            "hashes": [
                "sha256:1226168be1b1c7efd0e66ee79b0e0b58b2caa7ed87717909cd8a57bb13a7079a",
                "sha256:9a4635813e2d498a3c01b10c701fe4a515d76dd290aaa792ccb65ca4ccb6b038"
            ],
            "index": "pypi",
            "version": "==2.2.10"
        },
        "django-ckeditor": {
            "hashes": [
                "sha256:266353b93991babb399a62a25bc0cbb945f95901693a4f07c9506edabd6a0cd0"
            ],
            "index": "pypi",
            "version": "==5.6.1"
        },
        "django-heroku": {
            "hashes": [
                "sha256:2bc690aab89eedbe01311752320a9a12e7548e3b0ed102681acc5736a41a4762",
                "sha256:6af4bc3ae4a9b55eaad6dbe5164918982d2762661aebc9f83d9fa49f6009514e"
            ],
            "index": "pypi",
            "version": "==0.3.1"
        },
        "django-js-asset": {
            "hashes": [
                "sha256:8ec12017f26eec524cab436c64ae73033368a372970af4cf42d9354fcb166bdd",
                "sha256:c163ae80d2e0b22d8fb598047cd0dcef31f81830e127cfecae278ad574167260"
            ],
            "version": "==1.2.2"
        },
        "djangorestframework": {
            "hashes": [
                "sha256:8a435df9007c8b7d8e69a21ef06650e3c0cbe0d4b09e55dd1bd74c89a75a9fcd",
                "sha256:f7a266260d656e1cf4ca54d7a7349609dc8af4fe2590edd0ecd7d7643ea94a17"
            ],
            "index": "pypi",
            "version": "==3.9.2"
        },
        "gunicorn": {
            "hashes": [
                "sha256:aa8e0b40b4157b36a5df5e599f45c9c76d6af43845ba3b3b0efe2c70473c2471",
                "sha256:fa2662097c66f920f53f70621c6c58ca4a3c4d3434205e608e121b5b3b71f4f3"
            ],
            "index": "pypi",
            "version": "==19.9.0"
        },
        "heroku": {
            "hashes": [
                "sha256:cbeba42b628bc38504d49ace86b8c1729ab2156e530fb1823954988932c8f7fb"
            ],
            "index": "pypi",
            "version": "==0.1.4"
        },
        "html5lib": {
            "hashes": [
                "sha256:20b159aa3badc9d5ee8f5c647e5efd02ed2a66ab8d354930bd9ff139fc1dc0a3",
                "sha256:66cb0dcfdbbc4f9c3ba1a63fdb511ffdbd4f513b2b6d81b80cd26ce6b3fb3736"
            ],
            "version": "==1.0.1"
        },
        "idna": {
            "hashes": [
                "sha256:c357b3f628cf53ae2c4c05627ecc484553142ca23264e593d327bcde5e9c3407",
                "sha256:ea8b7f6188e6fa117537c3df7da9fc686d485087abf6ac197f9c46432f7e4a3c"
            ],
            "version": "==2.8"
        },
        "pillow": {
            "hashes": [
                "sha256:15c056bfa284c30a7f265a41ac4cbbc93bdbfc0dfe0613b9cb8a8581b51a9e55",
                "sha256:1a4e06ba4f74494ea0c58c24de2bb752818e9d504474ec95b0aa94f6b0a7e479",
                "sha256:1c3c707c76be43c9e99cb7e3d5f1bee1c8e5be8b8a2a5eeee665efbf8ddde91a",
                "sha256:1fd0b290203e3b0882d9605d807b03c0f47e3440f97824586c173eca0aadd99d",
                "sha256:24114e4a6e1870c5a24b1da8f60d0ba77a0b4027907860188ea82bd3508c80eb",
                "sha256:258d886a49b6b058cd7abb0ab4b2b85ce78669a857398e83e8b8e28b317b5abb",
                "sha256:33c79b6dd6bc7f65079ab9ca5bebffb5f5d1141c689c9c6a7855776d1b09b7e8",
                "sha256:367385fc797b2c31564c427430c7a8630db1a00bd040555dfc1d5c52e39fcd72",
                "sha256:3c1884ff078fb8bf5f63d7d86921838b82ed4a7d0c027add773c2f38b3168754",
                "sha256:44e5240e8f4f8861d748f2a58b3f04daadab5e22bfec896bf5434745f788f33f",
                "sha256:46aa988e15f3ea72dddd81afe3839437b755fffddb5e173886f11460be909dce",
                "sha256:74d90d499c9c736d52dd6d9b7221af5665b9c04f1767e35f5dd8694324bd4601",
                "sha256:809c0a2ce9032cbcd7b5313f71af4bdc5c8c771cb86eb7559afd954cab82ebb5",
                "sha256:85d1ef2cdafd5507c4221d201aaf62fc9276f8b0f71bd3933363e62a33abc734",
                "sha256:8c3889c7681af77ecfa4431cd42a2885d093ecb811e81fbe5e203abc07e0995b",
                "sha256:9218d81b9fca98d2c47d35d688a0cea0c42fd473159dfd5612dcb0483c63e40b",
                "sha256:9aa4f3827992288edd37c9df345783a69ef58bd20cc02e64b36e44bcd157bbf1",
                "sha256:9d80f44137a70b6f84c750d11019a3419f409c944526a95219bea0ac31f4dd91",
                "sha256:b7ebd36128a2fe93991293f997e44be9286503c7530ace6a55b938b20be288d8",
                "sha256:c4c78e2c71c257c136cdd43869fd3d5e34fc2162dc22e4a5406b0ebe86958239",
                "sha256:c6a842537f887be1fe115d8abb5daa9bc8cc124e455ff995830cc785624a97af",
                "sha256:cf0a2e040fdf5a6d95f4c286c6ef1df6b36c218b528c8a9158ec2452a804b9b8",
                "sha256:cfd28aad6fc61f7a5d4ee556a997dc6e5555d9381d1390c00ecaf984d57e4232",
                "sha256:dca5660e25932771460d4688ccbb515677caaf8595f3f3240ec16c117deff89a",
                "sha256:de7aedc85918c2f887886442e50f52c1b93545606317956d65f342bd81cb4fc3",
                "sha256:e6c0bbf8e277b74196e3140c35f9a1ae3eafd818f7f2d3a15819c49135d6c062"
            ],
            "index": "pypi",
            "version": "==6.0.0"
        },
        "psycopg2": {
            "hashes": [
                "sha256:4212ca404c4445dc5746c0d68db27d2cbfb87b523fe233dc84ecd24062e35677",
                "sha256:47fc642bf6f427805daf52d6e52619fe0637648fe27017062d898f3bf891419d",
                "sha256:72772181d9bad1fa349792a1e7384dde56742c14af2b9986013eb94a240f005b",
                "sha256:8396be6e5ff844282d4d49b81631772f80dabae5658d432202faf101f5283b7c",
                "sha256:893c11064b347b24ecdd277a094413e1954f8a4e8cdaf7ffbe7ca3db87c103f0",
                "sha256:92a07dfd4d7c325dd177548c4134052d4842222833576c8391aab6f74038fc3f",
                "sha256:965c4c93e33e6984d8031f74e51227bd755376a9df6993774fd5b6fb3288b1f4",
                "sha256:9ab75e0b2820880ae24b7136c4d230383e07db014456a476d096591172569c38",
                "sha256:b0845e3bdd4aa18dc2f9b6fb78fbd3d9d371ad167fd6d1b7ad01c0a6cdad4fc6",
                "sha256:dca2d7203f0dfce8ea4b3efd668f8ea65cd2b35112638e488a4c12594015f67b",
                "sha256:ed686e5926929887e2c7ae0a700e32c6129abb798b4ad2b846e933de21508151",
                "sha256:ef6df7e14698e79c59c7ee7cf94cd62e5b869db369ed4b1b8f7b729ea825712a",
                "sha256:f898e5cc0a662a9e12bde6f931263a1bbd350cfb18e1d5336a12927851825bb6"
            ],
            "version": "==2.8.4"
        },
        "psycopg2-binary": {
            "hashes": [
                "sha256:163d3ee445a0b4c0109877da9e46271aacf4e5e3d60ae7368669555c30f13e7c",
                "sha256:1af0bfe7b0c13a0e613a27311fd4f9c5d024e8fc0f4b3d284e7df02a58a11fc0",
                "sha256:2169c3a1bf52d5b30cc98625b5919a964c571a32e8646be20be6c7e3e82079de",
                "sha256:218f079fa48e2ef812dc3d3ce6ec2f67ac56427ba4b038d5d6331f2cceb489c2",
                "sha256:26a958930687e94c4c6c73c171e4d4783b82ae4e16aa3424e6bcd4529bceedf0",
                "sha256:2c7c195aef3acdbc853942bc674844031a732890d2fee88a324298ed376b6c2b",
                "sha256:2ecdbfed7004669472bfa27c8d51012c717c241c7154ae17e4c8f93024043525",
                "sha256:345fc31b71a90ada1b51826537917b19a1af685a91c0f066787069c184d7d00f",
                "sha256:378a06649503f548be5f1e9eec2e94cc1d6138250b82a08dcc6151bca8cec107",
                "sha256:3f300bf2930e501dde09605de85cb2b84c2638e2c954be02a3c86f28176d3525",
                "sha256:6c2f66c653ce8bbd7e789d0f7f92c3f9fea881b55226f0ae5ee550cce9e3cf0e",
                "sha256:6fccbac2633831b877a8fbf865f7082d34895e82a015795a9f80f99a2efe2576",
                "sha256:7a166f8ccb6888358d3e67795b057540ea7caa71ab9e089b0cb0097f01088965",
                "sha256:8f6b84f887ec6fef6c1796779f8ec2603dc7e9ef52bc9269de719d4bcbdaebbb",
                "sha256:92cf3ceb7bb90cf35b8bd993c640b15d4832ba0e142a3b9da5006ef217da595d",
                "sha256:a20dfdf73f56da674926a3811929cff9fd23b9af90be9a6c36ac246a3486eef3",
                "sha256:a84415df4689251556c961e4fe3b25d30e32f00faa8064ce0909458dbe0d67b2",
                "sha256:ab1aa1cd50df3860f624c9713ee9e690eefd4e049d3a4d86577bab6e741e9616",
                "sha256:abc9dcf85e75a8687f2a6d560c0c1a2593e8e34ba6f9ad6721f8212c5de179a2",
                "sha256:c10454710a81a2f4b1ff4d1c83ac2cec63e0e55845a56324991514af5b1299d0",
                "sha256:c38f80719e4dfae7a6311a4f091f07f4fb2fb5d602352015d5639f63f8fabb68",
                "sha256:d75cf00605630b2cfefa5c62373c605dcda1cc0d607902847dbb8e8e9b67c1ce",
                "sha256:dce15cb6ef604c9e38fdaa848f58f83153ade9f4aa5e4cf5812aa27163561750",
                "sha256:e7e0db4311bb76bf3f6e0380f71912cfa6d0be7cc635e3772476050b0dabdabd",
                "sha256:eac59cae78dfe3fbf7ece25c170d7a152f88df7643381aa5e7344c2028a8d8d4",
                "sha256:ead7b3e1567bd14cacd44279c5e42cd19f54b9feed39180220253f4fbe3abd56",
                "sha256:ed772a5e8e7e5dd6bede960a86940c17cf653c7f158dafa5d52e919b676f10ba",
                "sha256:f2d73131acb94afa45de8b6b8a4bfb21bbe3736633d6478e53247f19dd8c299c"
            ],
            "index": "pypi",
            "version": "==2.8.1"
        },
        "pypdf2": {
            "hashes": [
                "sha256:e28f902f2f0a1603ea95ebe21dff311ef09be3d0f0ef29a3e44a932729564385"
            ],
            "version": "==1.26.0"
        },
        "python-dateutil": {
            "hashes": [
                "sha256:6f197348b46fb8cdf9f3fcfc2a7d5a97da95db3e2e8667cf657216274fe1b009"
            ],
            "version": "==1.5"
        },
        "pytz": {
            "hashes": [
                "sha256:1c557d7d0e871de1f5ccd5833f60fb2550652da6be2693c1e02300743d21500d",
                "sha256:b02c06db6cf09c12dd25137e563b31700d3b80fcc4ad23abb7a315f2789819be"
            ],
            "version": "==2019.3"
        },
        "reportlab": {
            "hashes": [
                "sha256:2a1c4ea2155fd5b6e3f89e36b8aa21b5a14c9bbaf9b44de2787641668bc95edc",
                "sha256:2b7469a98df1315d4f52319c4438eaee3fdd17330830edadae775e9312402638",
                "sha256:3b556160aac294fa661545245e4bc273328f9226e5110139647f4d4bc0cfc453",
                "sha256:3eb25d2c2bde078815d8f7ea400abbcae16a0c498a4b27ead3c4a620b1f1f980",
                "sha256:3f229c0b2ca27eb5b08777981d3bd0d34e59bfa306627b88d80c3734cd3e26d5",
                "sha256:4695755cc70b7a9308508aa41eafc3f335348be0eadd86e8f92cb87815d6177b",
                "sha256:4f97b4474e419ae5c441ecdf0db8eceb5f5af0461bdf73e3e5ec05353844045c",
                "sha256:550d2d8516e468192e12be8aeaf80f3bd805dc46dd0a5a4ddf2a3e1cd8149a16",
                "sha256:59aa9c4ca80d397f6cabec092b5a6e2304fb1b7ca53e5b650872aae13ebfeb68",
                "sha256:6e4479b75778b9c1e4640dc90efb72cb990471d56089947d6be4ccd9e7a56a3c",
                "sha256:6e9434bd0afa6d6fcf9abbc565750cc456b6e60dc49abd7cd2bc7cf414ee079b",
                "sha256:73e4e30b72da1f9f8caba775ad9cc027957c2340c38ba2d6622a9f2351b12c3a",
                "sha256:7c05c2ba8ab32f02b23a56a75a4d136c2bfb7221a04a8306835a938fa6711644",
                "sha256:849e4cabce1ed1183e83dc89570810b3bf9bf9cf0d0a605bde854a0baf212124",
                "sha256:863c6fcf5fc0c8184b6315885429f5468373a3def2eb0c0073d09b79b2161113",
                "sha256:8e688df260682038ecd32f106d796024fbcf70e7bf54340b14f991bd5465f97a",
                "sha256:9675a26d01ec141cb717091bb139b6227bfb3794f521943101da50327bff4825",
                "sha256:969b0d9663c0c641347d2408d41e6723e84d9f7863babc94438c91295c74f36d",
                "sha256:978560732758bf5fca4ec1ed124afe2702d08824f6b0364cca31519bd5e7dadd",
                "sha256:99ea85b47248c6cdbece147bdbd67aed16209bdd95770aa1f151ec3bb8794496",
                "sha256:9cdc318c37fa959909db5beb05ca0b684d3e2cba8f40af1ce6f332c3f69bd2b8",
                "sha256:b55c26510ff7f135af8eae1216372028cde7dab22003d918649fce219020eb58",
                "sha256:cb301340b4fc1f2b7b25ea4584c5cbde139ced2d4ff01ad5e8fcf7d7822982b0",
                "sha256:e7578a573454a5490553fb091374996d32269dff44021a401763080bda1357cf",
                "sha256:e84387d35a666aafafda332afca8a75fb04f097cc0a2dc2d04e8c90a83cf7c1b",
                "sha256:eb66eff64ea75f028af3ac63a7a2bf1e8733297141a85cbdffd5deaef404fa52",
                "sha256:f5e3afd2cc35a73f34c3084c69fe4653591611da5189e50b58db550bb46e340a",
                "sha256:f6c10628386bfe0c1f6640c28fb262d0960bb26c249cefabb755fb273323220d"
            ],
            "version": "==3.5.34"
        },
        "requests": {
            "hashes": [
                "sha256:11e007a8a2aa0323f5a921e9e6a2d7e4e67d9877e85773fba9ba6419025cbeb4",
                "sha256:9cf5292fcd0f598c671cfc1e0d7d1a7f13bb8085e9a590f48c010551dc6c4b31"
            ],
            "version": "==2.22.0"
        },
        "six": {
            "hashes": [
                "sha256:236bdbdce46e6e6a3d61a337c0f8b763ca1e8717c03b369e87a7ec7ce1319c0a",
                "sha256:8f3cd2e254d8f793e7f3d6d9df77b92252b52637291d0f0da013c76ea2724b6c"
            ],
            "version": "==1.14.0"
        },
        "sqlparse": {
            "hashes": [
                "sha256:40afe6b8d4b1117e7dff5504d7a8ce07d9a1b15aeeade8a2d10f130a834f8177",
                "sha256:7c3dca29c022744e95b547e867cee89f4fce4373f3549ccd8797d8eb52cdb873"
            ],
            "version": "==0.3.0"
        },
        "urllib3": {
            "hashes": [
                "sha256:2f3db8b19923a873b3e5256dc9c2dedfa883e33d87c690d9c7913e1f40673cdc",
                "sha256:87716c2d2a7121198ebcb7ce7cccf6ce5e9ba539041cfbaeecfb641dc0bf6acc"
            ],
            "version": "==1.25.8"
        },
        "webencodings": {
            "hashes": [
                "sha256:a0af1213f3c2226497a97e2b3aa01a7e4bee4f403f95be16fc9acd2947514a78",
                "sha256:b36a1c245f2d304965eb4e0a82848379241dc04b865afcc4aab16748587e1923"
            ],
            "version": "==0.5.1"
        },
        "whitenoise": {
            "hashes": [
                "sha256:118ab3e5f815d380171b100b05b76de2a07612f422368a201a9ffdeefb2251c1",
                "sha256:42133ddd5229eeb6a0c9899496bdbe56c292394bf8666da77deeb27454c0456a"
            ],
            "index": "pypi",
            "version": "==4.1.2"
        },
        "xhtml2pdf": {
            "hashes": [
                "sha256:86a37e78d7a8d8bb2761746c3d559e12284d92c4d531b3a8a0f8fd632b436f82"
            ],
            "index": "pypi",
            "version": "==0.2.3"
        }
    },
    "develop": {
        "astroid": {
            "hashes": [
                "sha256:87de48a92e29cedf7210ffa853d11441e7ad94cb47bacd91b023499b51cbc756",
                "sha256:d25869fc7f44f1d9fb7d24fd7ea0639656f5355fc3089cd1f3d18c6ec6b124c7"
            ],
            "version": "==1.6.6"
        },
        "isort": {
            "hashes": [
                "sha256:54da7e92468955c4fceacd0c86bd0ec997b0e1ee80d97f67c35a78b719dccab1",
                "sha256:6e811fcb295968434526407adb8796944f1988c5b65e8139058f2014cbe100fd"
            ],
            "version": "==4.3.21"
        },
        "lazy-object-proxy": {
            "hashes": [
                "sha256:0c4b206227a8097f05c4dbdd323c50edf81f15db3b8dc064d08c62d37e1a504d",
                "sha256:194d092e6f246b906e8f70884e620e459fc54db3259e60cf69a4d66c3fda3449",
                "sha256:1be7e4c9f96948003609aa6c974ae59830a6baecc5376c25c92d7d697e684c08",
                "sha256:4677f594e474c91da97f489fea5b7daa17b5517190899cf213697e48d3902f5a",
                "sha256:48dab84ebd4831077b150572aec802f303117c8cc5c871e182447281ebf3ac50",
                "sha256:5541cada25cd173702dbd99f8e22434105456314462326f06dba3e180f203dfd",
                "sha256:59f79fef100b09564bc2df42ea2d8d21a64fdcda64979c0fa3db7bdaabaf6239",
                "sha256:8d859b89baf8ef7f8bc6b00aa20316483d67f0b1cbf422f5b4dc56701c8f2ffb",
                "sha256:9254f4358b9b541e3441b007a0ea0764b9d056afdeafc1a5569eee1cc6c1b9ea",
                "sha256:9651375199045a358eb6741df3e02a651e0330be090b3bc79f6d0de31a80ec3e",
                "sha256:97bb5884f6f1cdce0099f86b907aa41c970c3c672ac8b9c8352789e103cf3156",
                "sha256:9b15f3f4c0f35727d3a0fba4b770b3c4ebbb1fa907dbcc046a1d2799f3edd142",
                "sha256:a2238e9d1bb71a56cd710611a1614d1194dc10a175c1e08d75e1a7bcc250d442",
                "sha256:a6ae12d08c0bf9909ce12385803a543bfe99b95fe01e752536a60af2b7797c62",
                "sha256:ca0a928a3ddbc5725be2dd1cf895ec0a254798915fb3a36af0964a0a4149e3db",
                "sha256:cb2c7c57005a6804ab66f106ceb8482da55f5314b7fcb06551db1edae4ad1531",
                "sha256:d74bb8693bf9cf75ac3b47a54d716bbb1a92648d5f781fc799347cfc95952383",
                "sha256:d945239a5639b3ff35b70a88c5f2f491913eb94871780ebfabb2568bd58afc5a",
                "sha256:eba7011090323c1dadf18b3b689845fd96a61ba0a1dfbd7f24b921398affc357",
                "sha256:efa1909120ce98bbb3777e8b6f92237f5d5c8ea6758efea36a473e1d38f7d3e4",
                "sha256:f3900e8a5de27447acbf900b4750b0ddfd7ec1ea7fbaf11dfa911141bc522af0"
            ],
            "version": "==1.4.3"
        },
        "mccabe": {
            "hashes": [
                "sha256:ab8a6258860da4b6677da4bd2fe5dc2c659cff31b3ee4f7f5d64e79735b80d42",
                "sha256:dd8d182285a0fe56bace7f45b5e7d1a6ebcbf524e8f3bd87eb0f125271b8831f"
            ],
            "version": "==0.6.1"
        },
        "pylint": {
            "hashes": [
                "sha256:02c2b6d268695a8b64ad61847f92e611e6afcff33fd26c3a2125370c4662905d",
                "sha256:ee1e85575587c5b58ddafa25e1c1b01691ef172e139fc25585e5d3f02451da93"
            ],
            "index": "pypi",
            "version": "==1.9.4"
        },
        "six": {
            "hashes": [
                "sha256:236bdbdce46e6e6a3d61a337c0f8b763ca1e8717c03b369e87a7ec7ce1319c0a",
                "sha256:8f3cd2e254d8f793e7f3d6d9df77b92252b52637291d0f0da013c76ea2724b6c"
            ],
            "version": "==1.14.0"
        },
        "wrapt": {
            "hashes": [
                "sha256:565a021fd19419476b9362b05eeaa094178de64f8361e44468f9e9d7843901e1"
            ],
            "version": "==1.11.2"
        }
    }
}
